
Microsoft Visual Studio Solution File, Format Version 12.00
# Visual Studio Version 16
VisualStudioVersion = 16.0.29123.88
MinimumVisualStudioVersion = 10.0.40219.1
Project("{FAE04EC0-301F-11D3-BF4B-00C04F79EFBC}") = "ControleDeEstoqueUP", "ControleDeEstoqueUP\ControleDeEstoqueUP.csproj", "{F311AFC1-6D82-4CF9-AE62-633C0E56B7CB}"
EndProject
Global
	GlobalSection(SolutionConfigurationPlatforms) = preSolution
		Debug|Any CPU = Debug|Any CPU
		Release|Any CPU = Release|Any CPU
	EndGlobalSection
	GlobalSection(ProjectConfigurationPlatforms) = postSolution
		{F311AFC1-6D82-4CF9-AE62-633C0E56B7CB}.Debug|Any CPU.ActiveCfg = Debug|Any CPU
		{F311AFC1-6D82-4CF9-AE62-633C0E56B7CB}.Debug|Any CPU.Build.0 = Debug|Any CPU
		{F311AFC1-6D82-4CF9-AE62-633C0E56B7CB}.Release|Any CPU.ActiveCfg = Release|Any CPU
		{F311AFC1-6D82-4CF9-AE62-633C0E56B7CB}.Release|Any CPU.Build.0 = Release|Any CPU
	EndGlobalSection
	GlobalSection(SolutionProperties) = preSolution
		HideSolutionNode = FALSE
	EndGlobalSection
	GlobalSection(ExtensibilityGlobals) = postSolution
		SolutionGuid = {8CED3D5A-2964-4D02-B788-BD5949621B16}
	EndGlobalSection
EndGlobal
